
Microsoft Visual Studio Solution File, Format Version 12.00
# Visual Studio 15
VisualStudioVersion = 15.0.28307.539
MinimumVisualStudioVersion = 10.0.40219.1
Project("{FAE04EC0-301F-11D3-BF4B-00C04F79EFBC}") = "ServicePlugin", "ServicePlugin\ServicePlugin.csproj", "{817442FE-4D6E-4A29-B60D-F3E31B2054B3}"
EndProject
Project("{FAE04EC0-301F-11D3-BF4B-00C04F79EFBC}") = "TestCommon", "TestCommon\TestCommon.csproj", "{61E60DD2-08B0-4DA4-BCDB-A463C47FE40F}"
EndProject
Project("{FAE04EC0-301F-11D3-BF4B-00C04F79EFBC}") = "TestRESTService", "TestRESTService\TestRESTService.csproj", "{3DD6D51D-9035-4693-BA3F-CB130824D9C2}"
EndProject
Global
	GlobalSection(SolutionConfigurationPlatforms) = preSolution
		Debug|Any CPU = Debug|Any CPU
		Release|Any CPU = Release|Any CPU
	EndGlobalSection
	GlobalSection(ProjectConfigurationPlatforms) = postSolution
		{817442FE-4D6E-4A29-B60D-F3E31B2054B3}.Debug|Any CPU.ActiveCfg = Debug|Any CPU
		{817442FE-4D6E-4A29-B60D-F3E31B2054B3}.Debug|Any CPU.Build.0 = Debug|Any CPU
		{817442FE-4D6E-4A29-B60D-F3E31B2054B3}.Release|Any CPU.ActiveCfg = Release|Any CPU
		{817442FE-4D6E-4A29-B60D-F3E31B2054B3}.Release|Any CPU.Build.0 = Release|Any CPU
		{61E60DD2-08B0-4DA4-BCDB-A463C47FE40F}.Debug|Any CPU.ActiveCfg = Debug|Any CPU
		{61E60DD2-08B0-4DA4-BCDB-A463C47FE40F}.Debug|Any CPU.Build.0 = Debug|Any CPU
		{61E60DD2-08B0-4DA4-BCDB-A463C47FE40F}.Release|Any CPU.ActiveCfg = Release|Any CPU
		{61E60DD2-08B0-4DA4-BCDB-A463C47FE40F}.Release|Any CPU.Build.0 = Release|Any CPU
		{3DD6D51D-9035-4693-BA3F-CB130824D9C2}.Debug|Any CPU.ActiveCfg = Debug|Any CPU
		{3DD6D51D-9035-4693-BA3F-CB130824D9C2}.Debug|Any CPU.Build.0 = Debug|Any CPU
		{3DD6D51D-9035-4693-BA3F-CB130824D9C2}.Release|Any CPU.ActiveCfg = Release|Any CPU
		{3DD6D51D-9035-4693-BA3F-CB130824D9C2}.Release|Any CPU.Build.0 = Release|Any CPU
	EndGlobalSection
	GlobalSection(SolutionProperties) = preSolution
		HideSolutionNode = FALSE
	EndGlobalSection
	GlobalSection(ExtensibilityGlobals) = postSolution
		SolutionGuid = {E2B5DF6B-21D3-4B5A-A803-C882614E9861}
	EndGlobalSection
EndGlobal
